// !$*UTF8*$!
{
	archiveVersion = 1;
	classes = {
	};
	objectVersion = 52;
	objects = {

/* Begin PBXBuildFile section */
		840706FB25A389EA002C4EA1 /* AddEmployee.swift in Sources */ = {isa = PBXBuildFile; fileRef = 840706FA25A389EA002C4EA1 /* AddEmployee.swift */; };
		8407070025A38A33002C4EA1 /* Utils.swift in Sources */ = {isa = PBXBuildFile; fileRef = 840706FF25A38A33002C4EA1 /* Utils.swift */; };
		8473B3A5258D1C7200E6CD0D /* ProjectManagementMacOSApp.swift in Sources */ = {isa = PBXBuildFile; fileRef = 8473B3A4258D1C7200E6CD0D /* ProjectManagementMacOSApp.swift */; };
		8473B3A7258D1C7200E6CD0D /* ContentView.swift in Sources */ = {isa = PBXBuildFile; fileRef = 8473B3A6258D1C7200E6CD0D /* ContentView.swift */; };
		8473B3A9258D1C7300E6CD0D /* Assets.xcassets in Resources */ = {isa = PBXBuildFile; fileRef = 8473B3A8258D1C7300E6CD0D /* Assets.xcassets */; };
		8473B3AC258D1C7300E6CD0D /* Preview Assets.xcassets in Resources */ = {isa = PBXBuildFile; fileRef = 8473B3AB258D1C7300E6CD0D /* Preview Assets.xcassets */; };
		8473B3B8258D1C7300E6CD0D /* ProjectManagementMacOSTests.swift in Sources */ = {isa = PBXBuildFile; fileRef = 8473B3B7258D1C7300E6CD0D /* ProjectManagementMacOSTests.swift */; };
		8473B3C3258D1C7300E6CD0D /* ProjectManagementMacOSUITests.swift in Sources */ = {isa = PBXBuildFile; fileRef = 8473B3C2258D1C7300E6CD0D /* ProjectManagementMacOSUITests.swift */; };
		8473B3D5258D1D0600E6CD0D /* Apollo in Frameworks */ = {isa = PBXBuildFile; productRef = 8473B3D4258D1D0600E6CD0D /* Apollo */; };
		8473B3E8258D25B700E6CD0D /* Network.swift in Sources */ = {isa = PBXBuildFile; fileRef = 8473B3E7258D25B700E6CD0D /* Network.swift */; };
		8473B3F0258D320800E6CD0D /* Sidebar.swift in Sources */ = {isa = PBXBuildFile; fileRef = 8473B3EF258D320800E6CD0D /* Sidebar.swift */; };
		8473B3F5258D362F00E6CD0D /* EmployeesList.swift in Sources */ = {isa = PBXBuildFile; fileRef = 8473B3F4258D362F00E6CD0D /* EmployeesList.swift */; };
		8473B3FA258D42A900E6CD0D /* EmployeesDataStore.swift in Sources */ = {isa = PBXBuildFile; fileRef = 8473B3F9258D42A900E6CD0D /* EmployeesDataStore.swift */; };
		8473B417258E6C5A00E6CD0D /* operationIDs.json in Resources */ = {isa = PBXBuildFile; fileRef = 8473B413258E6C5A00E6CD0D /* operationIDs.json */; };
		8473B418258E6C5A00E6CD0D /* schema.json in Resources */ = {isa = PBXBuildFile; fileRef = 8473B414258E6C5A00E6CD0D /* schema.json */; };
		8473B41A258E6C5A00E6CD0D /* API.swift in Sources */ = {isa = PBXBuildFile; fileRef = 8473B416258E6C5A00E6CD0D /* API.swift */; };
		8473B42B25911E7D00E6CD0D /* DataState.swift in Sources */ = {isa = PBXBuildFile; fileRef = 8473B42A25911E7D00E6CD0D /* DataState.swift */; };
		8473B46325913CFF00E6CD0D /* ClientsDataStore.swift in Sources */ = {isa = PBXBuildFile; fileRef = 8473B46225913CFF00E6CD0D /* ClientsDataStore.swift */; };
		8473B46B25913E5500E6CD0D /* ClientsList.swift in Sources */ = {isa = PBXBuildFile; fileRef = 8473B46A25913E5500E6CD0D /* ClientsList.swift */; };
		8473B479259140E600E6CD0D /* AddClient.swift in Sources */ = {isa = PBXBuildFile; fileRef = 8473B478259140E600E6CD0D /* AddClient.swift */; };
		8473B484259147FD00E6CD0D /* ClientDetails.swift in Sources */ = {isa = PBXBuildFile; fileRef = 8473B483259147FD00E6CD0D /* ClientDetails.swift */; };
		848CD644259B6E7800A41C91 /* EmployeeDetails.swift in Sources */ = {isa = PBXBuildFile; fileRef = 848CD643259B6E7800A41C91 /* EmployeeDetails.swift */; };
		8493DA55259B71C50002A1D3 /* clients.graphql in Resources */ = {isa = PBXBuildFile; fileRef = 8493DA50259B71C50002A1D3 /* clients.graphql */; };
		8493DA56259B71C50002A1D3 /* deleteClient.graphql in Resources */ = {isa = PBXBuildFile; fileRef = 8493DA51259B71C50002A1D3 /* deleteClient.graphql */; };
		8493DA57259B71C50002A1D3 /* createClient.graphql in Resources */ = {isa = PBXBuildFile; fileRef = 8493DA52259B71C50002A1D3 /* createClient.graphql */; };
		8493DA58259B71C50002A1D3 /* client.graphql in Resources */ = {isa = PBXBuildFile; fileRef = 8493DA53259B71C50002A1D3 /* client.graphql */; };
		8493DA59259B71C50002A1D3 /* updateClient.graphql in Resources */ = {isa = PBXBuildFile; fileRef = 8493DA54259B71C50002A1D3 /* updateClient.graphql */; };
		8493DA5E259B7B020002A1D3 /* roles.graphql in Resources */ = {isa = PBXBuildFile; fileRef = 8493DA5D259B7B020002A1D3 /* roles.graphql */; };
		8493DA64259B7B5C0002A1D3 /* RolesDataStore.swift in Sources */ = {isa = PBXBuildFile; fileRef = 8493DA63259B7B5C0002A1D3 /* RolesDataStore.swift */; };
		8493DA6B259B7FED0002A1D3 /* updateAccount.graphql in Resources */ = {isa = PBXBuildFile; fileRef = 8493DA69259B7FED0002A1D3 /* updateAccount.graphql */; };
		84B11AA025A9E0F6007461C4 /* ProjectsDataStore.swift in Sources */ = {isa = PBXBuildFile; fileRef = 84B11A9F25A9E0F6007461C4 /* ProjectsDataStore.swift */; };
		84B11AA525A9E10B007461C4 /* ProjectsList.swift in Sources */ = {isa = PBXBuildFile; fileRef = 84B11AA425A9E10B007461C4 /* ProjectsList.swift */; };
		84B11AAC25A9E235007461C4 /* projects.graphql in Resources */ = {isa = PBXBuildFile; fileRef = 84B11AA925A9E235007461C4 /* projects.graphql */; };
		84B11ABE25A9E2A2007461C4 /* createAccount.graphql in Resources */ = {isa = PBXBuildFile; fileRef = 84B11AB825A9E2A2007461C4 /* createAccount.graphql */; };
		84B11ABF25A9E2A2007461C4 /* employees.graphql in Resources */ = {isa = PBXBuildFile; fileRef = 84B11AB925A9E2A2007461C4 /* employees.graphql */; };
		84B11AC025A9E2A2007461C4 /* createEmployee.graphql in Resources */ = {isa = PBXBuildFile; fileRef = 84B11ABA25A9E2A2007461C4 /* createEmployee.graphql */; };
		84B11AC125A9E2A2007461C4 /* deleteEmployee.graphql in Resources */ = {isa = PBXBuildFile; fileRef = 84B11ABB25A9E2A2007461C4 /* deleteEmployee.graphql */; };
		84B11AC225A9E2A2007461C4 /* updateEmployee.graphql in Resources */ = {isa = PBXBuildFile; fileRef = 84B11ABC25A9E2A2007461C4 /* updateEmployee.graphql */; };
		84B11AC325A9E2A2007461C4 /* employee.graphql in Resources */ = {isa = PBXBuildFile; fileRef = 84B11ABD25A9E2A2007461C4 /* employee.graphql */; };
		84B11AD125A9E723007461C4 /* AddProject.swift in Sources */ = {isa = PBXBuildFile; fileRef = 84B11AD025A9E723007461C4 /* AddProject.swift */; };
		84B11AD625A9E7BA007461C4 /* addProject.graphql in Resources */ = {isa = PBXBuildFile; fileRef = 84B11AD525A9E7BA007461C4 /* addProject.graphql */; };
		84B11ADB25AA013C007461C4 /* ProjectDetails.swift in Sources */ = {isa = PBXBuildFile; fileRef = 84B11ADA25AA013C007461C4 /* ProjectDetails.swift */; };
		84B11AE025AA027C007461C4 /* project.graphql in Resources */ = {isa = PBXBuildFile; fileRef = 84B11ADF25AA027C007461C4 /* project.graphql */; };
		84B11AE525AA2665007461C4 /* PDetails.swift in Sources */ = {isa = PBXBuildFile; fileRef = 84B11AE425AA2665007461C4 /* PDetails.swift */; };
		84B11AFD25AAF100007461C4 /* deleteProject.graphql in Resources */ = {isa = PBXBuildFile; fileRef = 84B11AFC25AAF100007461C4 /* deleteProject.graphql */; };
		84B11B0225AAF2A5007461C4 /* EditProject.swift in Sources */ = {isa = PBXBuildFile; fileRef = 84B11B0125AAF2A5007461C4 /* EditProject.swift */; };
		84B11B0725AAF453007461C4 /* updateProject.graphql in Resources */ = {isa = PBXBuildFile; fileRef = 84B11B0625AAF453007461C4 /* updateProject.graphql */; };
		84B11B0F25AAF9C1007461C4 /* CreateTask.swift in Sources */ = {isa = PBXBuildFile; fileRef = 84B11B0E25AAF9C1007461C4 /* CreateTask.swift */; };
		84B11B1425AAFD0A007461C4 /* addTask.graphql in Resources */ = {isa = PBXBuildFile; fileRef = 84B11B1325AAFD0A007461C4 /* addTask.graphql */; };
		84B11B1925AB06A9007461C4 /* TaskDetails.swift in Sources */ = {isa = PBXBuildFile; fileRef = 84B11B1825AB06A9007461C4 /* TaskDetails.swift */; };
		84B11B1E25AB075F007461C4 /* task.graphql in Resources */ = {isa = PBXBuildFile; fileRef = 84B11B1D25AB075F007461C4 /* task.graphql */; };
		84B11B2325AB21E5007461C4 /* deleteTask.graphql in Resources */ = {isa = PBXBuildFile; fileRef = 84B11B2225AB21E5007461C4 /* deleteTask.graphql */; };
		84B11B2825AB22FD007461C4 /* EditTask.swift in Sources */ = {isa = PBXBuildFile; fileRef = 84B11B2725AB22FD007461C4 /* EditTask.swift */; };
		84B11B2D25AB24DD007461C4 /* updateTask.graphql in Resources */ = {isa = PBXBuildFile; fileRef = 84B11B2C25AB24DD007461C4 /* updateTask.graphql */; };
		84B11B3225AB27D5007461C4 /* AddSubtask.swift in Sources */ = {isa = PBXBuildFile; fileRef = 84B11B3125AB27D5007461C4 /* AddSubtask.swift */; };
		84B11B4725AB2970007461C4 /* createActivity.graphql in Resources */ = {isa = PBXBuildFile; fileRef = 84B11B4625AB2970007461C4 /* createActivity.graphql */; };
		84B11B4C25AB3402007461C4 /* SubtaskDetails.swift in Sources */ = {isa = PBXBuildFile; fileRef = 84B11B4B25AB3402007461C4 /* SubtaskDetails.swift */; };
		84B11B5125AB34DA007461C4 /* activity.graphql in Resources */ = {isa = PBXBuildFile; fileRef = 84B11B5025AB34DA007461C4 /* activity.graphql */; };
		84B11B5625AB381F007461C4 /* deleteActivity.graphql in Resources */ = {isa = PBXBuildFile; fileRef = 84B11B5525AB381F007461C4 /* deleteActivity.graphql */; };
		84B11B5B25AB38BF007461C4 /* EditSubtask.swift in Sources */ = {isa = PBXBuildFile; fileRef = 84B11B5A25AB38BF007461C4 /* EditSubtask.swift */; };
		84B11B6025AB38FF007461C4 /* updateActivity.graphql in Resources */ = {isa = PBXBuildFile; fileRef = 84B11B5F25AB38FF007461C4 /* updateActivity.graphql */; };
/* End PBXBuildFile section */

/* Begin PBXContainerItemProxy section */
		8473B3B4258D1C7300E6CD0D /* PBXContainerItemProxy */ = {
			isa = PBXContainerItemProxy;
			containerPortal = 8473B399258D1C7200E6CD0D /* Project object */;
			proxyType = 1;
			remoteGlobalIDString = 8473B3A0258D1C7200E6CD0D;
			remoteInfo = ProjectManagementMacOS;
		};
		8473B3BF258D1C7300E6CD0D /* PBXContainerItemProxy */ = {
			isa = PBXContainerItemProxy;
			containerPortal = 8473B399258D1C7200E6CD0D /* Project object */;
			proxyType = 1;
			remoteGlobalIDString = 8473B3A0258D1C7200E6CD0D;
			remoteInfo = ProjectManagementMacOS;
		};
/* End PBXContainerItemProxy section */

/* Begin PBXFileReference section */
		840706FA25A389EA002C4EA1 /* AddEmployee.swift */ = {isa = PBXFileReference; lastKnownFileType = sourcecode.swift; path = AddEmployee.swift; sourceTree = "<group>"; };
		840706FF25A38A33002C4EA1 /* Utils.swift */ = {isa = PBXFileReference; lastKnownFileType = sourcecode.swift; path = Utils.swift; sourceTree = "<group>"; };
		8473B3A1258D1C7200E6CD0D /* ProjectManagementMacOS.app */ = {isa = PBXFileReference; explicitFileType = wrapper.application; includeInIndex = 0; path = ProjectManagementMacOS.app; sourceTree = BUILT_PRODUCTS_DIR; };
		8473B3A4258D1C7200E6CD0D /* ProjectManagementMacOSApp.swift */ = {isa = PBXFileReference; lastKnownFileType = sourcecode.swift; path = ProjectManagementMacOSApp.swift; sourceTree = "<group>"; };
		8473B3A6258D1C7200E6CD0D /* ContentView.swift */ = {isa = PBXFileReference; lastKnownFileType = sourcecode.swift; path = ContentView.swift; sourceTree = "<group>"; };
		8473B3A8258D1C7300E6CD0D /* Assets.xcassets */ = {isa = PBXFileReference; lastKnownFileType = folder.assetcatalog; path = Assets.xcassets; sourceTree = "<group>"; };
		8473B3AB258D1C7300E6CD0D /* Preview Assets.xcassets */ = {isa = PBXFileReference; lastKnownFileType = folder.assetcatalog; path = "Preview Assets.xcassets"; sourceTree = "<group>"; };
		8473B3AD258D1C7300E6CD0D /* Info.plist */ = {isa = PBXFileReference; lastKnownFileType = text.plist.xml; path = Info.plist; sourceTree = "<group>"; };
		8473B3AE258D1C7300E6CD0D /* ProjectManagementMacOS.entitlements */ = {isa = PBXFileReference; lastKnownFileType = text.plist.entitlements; path = ProjectManagementMacOS.entitlements; sourceTree = "<group>"; };
		8473B3B3258D1C7300E6CD0D /* ProjectManagementMacOSTests.xctest */ = {isa = PBXFileReference; explicitFileType = wrapper.cfbundle; includeInIndex = 0; path = ProjectManagementMacOSTests.xctest; sourceTree = BUILT_PRODUCTS_DIR; };
		8473B3B7258D1C7300E6CD0D /* ProjectManagementMacOSTests.swift */ = {isa = PBXFileReference; lastKnownFileType = sourcecode.swift; path = ProjectManagementMacOSTests.swift; sourceTree = "<group>"; };
		8473B3B9258D1C7300E6CD0D /* Info.plist */ = {isa = PBXFileReference; lastKnownFileType = text.plist.xml; path = Info.plist; sourceTree = "<group>"; };
		8473B3BE258D1C7300E6CD0D /* ProjectManagementMacOSUITests.xctest */ = {isa = PBXFileReference; explicitFileType = wrapper.cfbundle; includeInIndex = 0; path = ProjectManagementMacOSUITests.xctest; sourceTree = BUILT_PRODUCTS_DIR; };
		8473B3C2258D1C7300E6CD0D /* ProjectManagementMacOSUITests.swift */ = {isa = PBXFileReference; lastKnownFileType = sourcecode.swift; path = ProjectManagementMacOSUITests.swift; sourceTree = "<group>"; };
		8473B3C4258D1C7300E6CD0D /* Info.plist */ = {isa = PBXFileReference; lastKnownFileType = text.plist.xml; path = Info.plist; sourceTree = "<group>"; };
		8473B3E7258D25B700E6CD0D /* Network.swift */ = {isa = PBXFileReference; lastKnownFileType = sourcecode.swift; path = Network.swift; sourceTree = "<group>"; };
		8473B3EF258D320800E6CD0D /* Sidebar.swift */ = {isa = PBXFileReference; lastKnownFileType = sourcecode.swift; path = Sidebar.swift; sourceTree = "<group>"; };
		8473B3F4258D362F00E6CD0D /* EmployeesList.swift */ = {isa = PBXFileReference; lastKnownFileType = sourcecode.swift; path = EmployeesList.swift; sourceTree = "<group>"; };
		8473B3F9258D42A900E6CD0D /* EmployeesDataStore.swift */ = {isa = PBXFileReference; lastKnownFileType = sourcecode.swift; path = EmployeesDataStore.swift; sourceTree = "<group>"; };
		8473B413258E6C5A00E6CD0D /* operationIDs.json */ = {isa = PBXFileReference; fileEncoding = 4; lastKnownFileType = text.json; path = operationIDs.json; sourceTree = "<group>"; };
		8473B414258E6C5A00E6CD0D /* schema.json */ = {isa = PBXFileReference; fileEncoding = 4; lastKnownFileType = text.json; path = schema.json; sourceTree = "<group>"; };
		8473B416258E6C5A00E6CD0D /* API.swift */ = {isa = PBXFileReference; fileEncoding = 4; lastKnownFileType = sourcecode.swift; path = API.swift; sourceTree = "<group>"; };
		8473B42A25911E7D00E6CD0D /* DataState.swift */ = {isa = PBXFileReference; lastKnownFileType = sourcecode.swift; path = DataState.swift; sourceTree = "<group>"; };
		8473B46225913CFF00E6CD0D /* ClientsDataStore.swift */ = {isa = PBXFileReference; lastKnownFileType = sourcecode.swift; path = ClientsDataStore.swift; sourceTree = "<group>"; };
		8473B46A25913E5500E6CD0D /* ClientsList.swift */ = {isa = PBXFileReference; lastKnownFileType = sourcecode.swift; path = ClientsList.swift; sourceTree = "<group>"; };
		8473B478259140E600E6CD0D /* AddClient.swift */ = {isa = PBXFileReference; lastKnownFileType = sourcecode.swift; path = AddClient.swift; sourceTree = "<group>"; };
		8473B483259147FD00E6CD0D /* ClientDetails.swift */ = {isa = PBXFileReference; lastKnownFileType = sourcecode.swift; path = ClientDetails.swift; sourceTree = "<group>"; };
		848CD643259B6E7800A41C91 /* EmployeeDetails.swift */ = {isa = PBXFileReference; lastKnownFileType = sourcecode.swift; path = EmployeeDetails.swift; sourceTree = "<group>"; };
		8493DA50259B71C50002A1D3 /* clients.graphql */ = {isa = PBXFileReference; fileEncoding = 4; lastKnownFileType = text; path = clients.graphql; sourceTree = "<group>"; };
		8493DA51259B71C50002A1D3 /* deleteClient.graphql */ = {isa = PBXFileReference; fileEncoding = 4; lastKnownFileType = text; path = deleteClient.graphql; sourceTree = "<group>"; };
		8493DA52259B71C50002A1D3 /* createClient.graphql */ = {isa = PBXFileReference; fileEncoding = 4; lastKnownFileType = text; path = createClient.graphql; sourceTree = "<group>"; };
		8493DA53259B71C50002A1D3 /* client.graphql */ = {isa = PBXFileReference; fileEncoding = 4; lastKnownFileType = text; path = client.graphql; sourceTree = "<group>"; };
		8493DA54259B71C50002A1D3 /* updateClient.graphql */ = {isa = PBXFileReference; fileEncoding = 4; lastKnownFileType = text; path = updateClient.graphql; sourceTree = "<group>"; };
		8493DA5D259B7B020002A1D3 /* roles.graphql */ = {isa = PBXFileReference; fileEncoding = 4; lastKnownFileType = text; path = roles.graphql; sourceTree = "<group>"; };
		8493DA63259B7B5C0002A1D3 /* RolesDataStore.swift */ = {isa = PBXFileReference; lastKnownFileType = sourcecode.swift; path = RolesDataStore.swift; sourceTree = "<group>"; };
		8493DA69259B7FED0002A1D3 /* updateAccount.graphql */ = {isa = PBXFileReference; fileEncoding = 4; lastKnownFileType = text; path = updateAccount.graphql; sourceTree = "<group>"; };
		84B11A9F25A9E0F6007461C4 /* ProjectsDataStore.swift */ = {isa = PBXFileReference; lastKnownFileType = sourcecode.swift; path = ProjectsDataStore.swift; sourceTree = "<group>"; };
		84B11AA425A9E10B007461C4 /* ProjectsList.swift */ = {isa = PBXFileReference; lastKnownFileType = sourcecode.swift; path = ProjectsList.swift; sourceTree = "<group>"; };
		84B11AA925A9E235007461C4 /* projects.graphql */ = {isa = PBXFileReference; fileEncoding = 4; lastKnownFileType = text; path = projects.graphql; sourceTree = "<group>"; };
		84B11AB825A9E2A2007461C4 /* createAccount.graphql */ = {isa = PBXFileReference; fileEncoding = 4; lastKnownFileType = text; path = createAccount.graphql; sourceTree = "<group>"; };
		84B11AB925A9E2A2007461C4 /* employees.graphql */ = {isa = PBXFileReference; fileEncoding = 4; lastKnownFileType = text; path = employees.graphql; sourceTree = "<group>"; };
		84B11ABA25A9E2A2007461C4 /* createEmployee.graphql */ = {isa = PBXFileReference; fileEncoding = 4; lastKnownFileType = text; path = createEmployee.graphql; sourceTree = "<group>"; };
		84B11ABB25A9E2A2007461C4 /* deleteEmployee.graphql */ = {isa = PBXFileReference; fileEncoding = 4; lastKnownFileType = text; path = deleteEmployee.graphql; sourceTree = "<group>"; };
		84B11ABC25A9E2A2007461C4 /* updateEmployee.graphql */ = {isa = PBXFileReference; fileEncoding = 4; lastKnownFileType = text; path = updateEmployee.graphql; sourceTree = "<group>"; };
		84B11ABD25A9E2A2007461C4 /* employee.graphql */ = {isa = PBXFileReference; fileEncoding = 4; lastKnownFileType = text; path = employee.graphql; sourceTree = "<group>"; };
		84B11AD025A9E723007461C4 /* AddProject.swift */ = {isa = PBXFileReference; lastKnownFileType = sourcecode.swift; path = AddProject.swift; sourceTree = "<group>"; };
		84B11AD525A9E7BA007461C4 /* addProject.graphql */ = {isa = PBXFileReference; lastKnownFileType = text; path = addProject.graphql; sourceTree = "<group>"; };
		84B11ADA25AA013C007461C4 /* ProjectDetails.swift */ = {isa = PBXFileReference; lastKnownFileType = sourcecode.swift; path = ProjectDetails.swift; sourceTree = "<group>"; };
		84B11ADF25AA027C007461C4 /* project.graphql */ = {isa = PBXFileReference; lastKnownFileType = text; path = project.graphql; sourceTree = "<group>"; };
		84B11AE425AA2665007461C4 /* PDetails.swift */ = {isa = PBXFileReference; lastKnownFileType = sourcecode.swift; path = PDetails.swift; sourceTree = "<group>"; };
		84B11AFC25AAF100007461C4 /* deleteProject.graphql */ = {isa = PBXFileReference; lastKnownFileType = text; path = deleteProject.graphql; sourceTree = "<group>"; };
		84B11B0125AAF2A5007461C4 /* EditProject.swift */ = {isa = PBXFileReference; lastKnownFileType = sourcecode.swift; path = EditProject.swift; sourceTree = "<group>"; };
		84B11B0625AAF453007461C4 /* updateProject.graphql */ = {isa = PBXFileReference; lastKnownFileType = text; path = updateProject.graphql; sourceTree = "<group>"; };
		84B11B0E25AAF9C1007461C4 /* CreateTask.swift */ = {isa = PBXFileReference; lastKnownFileType = sourcecode.swift; path = CreateTask.swift; sourceTree = "<group>"; };
		84B11B1325AAFD0A007461C4 /* addTask.graphql */ = {isa = PBXFileReference; lastKnownFileType = text; path = addTask.graphql; sourceTree = "<group>"; };
		84B11B1825AB06A9007461C4 /* TaskDetails.swift */ = {isa = PBXFileReference; lastKnownFileType = sourcecode.swift; path = TaskDetails.swift; sourceTree = "<group>"; };
		84B11B1D25AB075F007461C4 /* task.graphql */ = {isa = PBXFileReference; lastKnownFileType = text; path = task.graphql; sourceTree = "<group>"; };
		84B11B2225AB21E5007461C4 /* deleteTask.graphql */ = {isa = PBXFileReference; lastKnownFileType = text; path = deleteTask.graphql; sourceTree = "<group>"; };
		84B11B2725AB22FD007461C4 /* EditTask.swift */ = {isa = PBXFileReference; lastKnownFileType = sourcecode.swift; path = EditTask.swift; sourceTree = "<group>"; };
		84B11B2C25AB24DD007461C4 /* updateTask.graphql */ = {isa = PBXFileReference; lastKnownFileType = text; path = updateTask.graphql; sourceTree = "<group>"; };
		84B11B3125AB27D5007461C4 /* AddSubtask.swift */ = {isa = PBXFileReference; lastKnownFileType = sourcecode.swift; path = AddSubtask.swift; sourceTree = "<group>"; };
		84B11B4625AB2970007461C4 /* createActivity.graphql */ = {isa = PBXFileReference; lastKnownFileType = text; path = createActivity.graphql; sourceTree = "<group>"; };
		84B11B4B25AB3402007461C4 /* SubtaskDetails.swift */ = {isa = PBXFileReference; lastKnownFileType = sourcecode.swift; path = SubtaskDetails.swift; sourceTree = "<group>"; };
		84B11B5025AB34DA007461C4 /* activity.graphql */ = {isa = PBXFileReference; lastKnownFileType = text; path = activity.graphql; sourceTree = "<group>"; };
		84B11B5525AB381F007461C4 /* deleteActivity.graphql */ = {isa = PBXFileReference; lastKnownFileType = text; path = deleteActivity.graphql; sourceTree = "<group>"; };
		84B11B5A25AB38BF007461C4 /* EditSubtask.swift */ = {isa = PBXFileReference; lastKnownFileType = sourcecode.swift; path = EditSubtask.swift; sourceTree = "<group>"; };
		84B11B5F25AB38FF007461C4 /* updateActivity.graphql */ = {isa = PBXFileReference; lastKnownFileType = text; path = updateActivity.graphql; sourceTree = "<group>"; };
/* End PBXFileReference section */

/* Begin PBXFrameworksBuildPhase section */
		8473B39E258D1C7200E6CD0D /* Frameworks */ = {
			isa = PBXFrameworksBuildPhase;
			buildActionMask = 2147483647;
			files = (
				8473B3D5258D1D0600E6CD0D /* Apollo in Frameworks */,
			);
			runOnlyForDeploymentPostprocessing = 0;
		};
		8473B3B0258D1C7300E6CD0D /* Frameworks */ = {
			isa = PBXFrameworksBuildPhase;
			buildActionMask = 2147483647;
			files = (
			);
			runOnlyForDeploymentPostprocessing = 0;
		};
		8473B3BB258D1C7300E6CD0D /* Frameworks */ = {
			isa = PBXFrameworksBuildPhase;
			buildActionMask = 2147483647;
			files = (
			);
			runOnlyForDeploymentPostprocessing = 0;
		};
/* End PBXFrameworksBuildPhase section */

/* Begin PBXGroup section */
		8473B398258D1C7200E6CD0D = {
			isa = PBXGroup;
			children = (
				8473B3A3258D1C7200E6CD0D /* ProjectManagementMacOS */,
				8473B3B6258D1C7300E6CD0D /* ProjectManagementMacOSTests */,
				8473B3C1258D1C7300E6CD0D /* ProjectManagementMacOSUITests */,
				8473B3A2258D1C7200E6CD0D /* Products */,
			);
			sourceTree = "<group>";
		};
		8473B3A2258D1C7200E6CD0D /* Products */ = {
			isa = PBXGroup;
			children = (
				8473B3A1258D1C7200E6CD0D /* ProjectManagementMacOS.app */,
				8473B3B3258D1C7300E6CD0D /* ProjectManagementMacOSTests.xctest */,
				8473B3BE258D1C7300E6CD0D /* ProjectManagementMacOSUITests.xctest */,
			);
			name = Products;
			sourceTree = "<group>";
		};
		8473B3A3258D1C7200E6CD0D /* ProjectManagementMacOS */ = {
			isa = PBXGroup;
			children = (
				84B11A9E25A9E0E6007461C4 /* Projects */,
				8493DA62259B7B4F0002A1D3 /* Roles */,
				8473B46125913CF600E6CD0D /* Clients */,
				8473B4442591268600E6CD0D /* Employees */,
				8473B43225911FF300E6CD0D /* Views */,
				8473B412258E6C5A00E6CD0D /* graphQL */,
				8473B3A4258D1C7200E6CD0D /* ProjectManagementMacOSApp.swift */,
				8473B3A8258D1C7300E6CD0D /* Assets.xcassets */,
				8473B3AD258D1C7300E6CD0D /* Info.plist */,
				8473B3AE258D1C7300E6CD0D /* ProjectManagementMacOS.entitlements */,
				8473B3AA258D1C7300E6CD0D /* Preview Content */,
				8473B3E7258D25B700E6CD0D /* Network.swift */,
				8473B42A25911E7D00E6CD0D /* DataState.swift */,
				840706FF25A38A33002C4EA1 /* Utils.swift */,
			);
			path = ProjectManagementMacOS;
			sourceTree = "<group>";
		};
		8473B3AA258D1C7300E6CD0D /* Preview Content */ = {
			isa = PBXGroup;
			children = (
				8473B3AB258D1C7300E6CD0D /* Preview Assets.xcassets */,
			);
			path = "Preview Content";
			sourceTree = "<group>";
		};
		8473B3B6258D1C7300E6CD0D /* ProjectManagementMacOSTests */ = {
			isa = PBXGroup;
			children = (
				8473B3B7258D1C7300E6CD0D /* ProjectManagementMacOSTests.swift */,
				8473B3B9258D1C7300E6CD0D /* Info.plist */,
			);
			path = ProjectManagementMacOSTests;
			sourceTree = "<group>";
		};
		8473B3C1258D1C7300E6CD0D /* ProjectManagementMacOSUITests */ = {
			isa = PBXGroup;
			children = (
				8473B3C2258D1C7300E6CD0D /* ProjectManagementMacOSUITests.swift */,
				8473B3C4258D1C7300E6CD0D /* Info.plist */,
			);
			path = ProjectManagementMacOSUITests;
			sourceTree = "<group>";
		};
		8473B412258E6C5A00E6CD0D /* graphQL */ = {
			isa = PBXGroup;
			children = (
				84B11AC925A9E2C3007461C4 /* Projects */,
				84B11AC825A9E2AF007461C4 /* Clients */,
				84B11AB725A9E293007461C4 /* Employees */,
				8493DA5D259B7B020002A1D3 /* roles.graphql */,
				8473B413258E6C5A00E6CD0D /* operationIDs.json */,
				8473B414258E6C5A00E6CD0D /* schema.json */,
				8473B416258E6C5A00E6CD0D /* API.swift */,
			);
			path = graphQL;
			sourceTree = "<group>";
		};
		8473B43225911FF300E6CD0D /* Views */ = {
			isa = PBXGroup;
			children = (
				8473B3A6258D1C7200E6CD0D /* ContentView.swift */,
				8473B3EF258D320800E6CD0D /* Sidebar.swift */,
			);
			path = Views;
			sourceTree = "<group>";
		};
		8473B4442591268600E6CD0D /* Employees */ = {
			isa = PBXGroup;
			children = (
				8473B3F4258D362F00E6CD0D /* EmployeesList.swift */,
				8473B3F9258D42A900E6CD0D /* EmployeesDataStore.swift */,
				848CD643259B6E7800A41C91 /* EmployeeDetails.swift */,
				840706FA25A389EA002C4EA1 /* AddEmployee.swift */,
			);
			path = Employees;
			sourceTree = "<group>";
		};
		8473B46125913CF600E6CD0D /* Clients */ = {
			isa = PBXGroup;
			children = (
				8473B46225913CFF00E6CD0D /* ClientsDataStore.swift */,
				8473B46A25913E5500E6CD0D /* ClientsList.swift */,
				8473B478259140E600E6CD0D /* AddClient.swift */,
				8473B483259147FD00E6CD0D /* ClientDetails.swift */,
			);
			path = Clients;
			sourceTree = "<group>";
		};
		8493DA62259B7B4F0002A1D3 /* Roles */ = {
			isa = PBXGroup;
			children = (
				8493DA63259B7B5C0002A1D3 /* RolesDataStore.swift */,
			);
			path = Roles;
			sourceTree = "<group>";
		};
		84B11A9E25A9E0E6007461C4 /* Projects */ = {
			isa = PBXGroup;
			children = (
				84B11AD025A9E723007461C4 /* AddProject.swift */,
				84B11B0E25AAF9C1007461C4 /* CreateTask.swift */,
				84B11B0125AAF2A5007461C4 /* EditProject.swift */,
				84B11B2725AB22FD007461C4 /* EditTask.swift */,
				84B11AE425AA2665007461C4 /* PDetails.swift */,
				84B11B3125AB27D5007461C4 /* AddSubtask.swift */,
				84B11ADA25AA013C007461C4 /* ProjectDetails.swift */,
				84B11A9F25A9E0F6007461C4 /* ProjectsDataStore.swift */,
				84B11AA425A9E10B007461C4 /* ProjectsList.swift */,
				84B11B1825AB06A9007461C4 /* TaskDetails.swift */,
				84B11B4B25AB3402007461C4 /* SubtaskDetails.swift */,
				84B11B5A25AB38BF007461C4 /* EditSubtask.swift */,
			);
			path = Projects;
			sourceTree = "<group>";
		};
		84B11AB725A9E293007461C4 /* Employees */ = {
			isa = PBXGroup;
			children = (
				8493DA69259B7FED0002A1D3 /* updateAccount.graphql */,
				84B11AB825A9E2A2007461C4 /* createAccount.graphql */,
				84B11ABA25A9E2A2007461C4 /* createEmployee.graphql */,
				84B11ABB25A9E2A2007461C4 /* deleteEmployee.graphql */,
				84B11ABD25A9E2A2007461C4 /* employee.graphql */,
				84B11AB925A9E2A2007461C4 /* employees.graphql */,
				84B11ABC25A9E2A2007461C4 /* updateEmployee.graphql */,
			);
			name = Employees;
			sourceTree = "<group>";
		};
		84B11AC825A9E2AF007461C4 /* Clients */ = {
			isa = PBXGroup;
			children = (
				8493DA53259B71C50002A1D3 /* client.graphql */,
				8493DA50259B71C50002A1D3 /* clients.graphql */,
				8493DA52259B71C50002A1D3 /* createClient.graphql */,
				8493DA51259B71C50002A1D3 /* deleteClient.graphql */,
				8493DA54259B71C50002A1D3 /* updateClient.graphql */,
			);
			name = Clients;
			sourceTree = "<group>";
		};
		84B11AC925A9E2C3007461C4 /* Projects */ = {
			isa = PBXGroup;
			children = (
				84B11AA925A9E235007461C4 /* projects.graphql */,
				84B11B5F25AB38FF007461C4 /* updateActivity.graphql */,
				84B11B5025AB34DA007461C4 /* activity.graphql */,
				84B11B4625AB2970007461C4 /* createActivity.graphql */,
				84B11B5525AB381F007461C4 /* deleteActivity.graphql */,
				84B11ADF25AA027C007461C4 /* project.graphql */,
				84B11AFC25AAF100007461C4 /* deleteProject.graphql */,
				84B11B1D25AB075F007461C4 /* task.graphql */,
				84B11AD525A9E7BA007461C4 /* addProject.graphql */,
				84B11B0625AAF453007461C4 /* updateProject.graphql */,
				84B11B1325AAFD0A007461C4 /* addTask.graphql */,
				84B11B2225AB21E5007461C4 /* deleteTask.graphql */,
				84B11B2C25AB24DD007461C4 /* updateTask.graphql */,
			);
			name = Projects;
			sourceTree = "<group>";
		};
/* End PBXGroup section */

/* Begin PBXNativeTarget section */
		8473B3A0258D1C7200E6CD0D /* ProjectManagementMacOS */ = {
			isa = PBXNativeTarget;
			buildConfigurationList = 8473B3C7258D1C7300E6CD0D /* Build configuration list for PBXNativeTarget "ProjectManagementMacOS" */;
			buildPhases = (
				8473B39D258D1C7200E6CD0D /* Sources */,
				8473B39E258D1C7200E6CD0D /* Frameworks */,
				8473B39F258D1C7200E6CD0D /* Resources */,
				8473B3DE258D23F100E6CD0D /* ShellScript */,
			);
			buildRules = (
			);
			dependencies = (
			);
			name = ProjectManagementMacOS;
			packageProductDependencies = (
				8473B3D4258D1D0600E6CD0D /* Apollo */,
			);
			productName = ProjectManagementMacOS;
			productReference = 8473B3A1258D1C7200E6CD0D /* ProjectManagementMacOS.app */;
			productType = "com.apple.product-type.application";
		};
		8473B3B2258D1C7300E6CD0D /* ProjectManagementMacOSTests */ = {
			isa = PBXNativeTarget;
			buildConfigurationList = 8473B3CA258D1C7300E6CD0D /* Build configuration list for PBXNativeTarget "ProjectManagementMacOSTests" */;
			buildPhases = (
				8473B3AF258D1C7300E6CD0D /* Sources */,
				8473B3B0258D1C7300E6CD0D /* Frameworks */,
				8473B3B1258D1C7300E6CD0D /* Resources */,
			);
			buildRules = (
			);
			dependencies = (
				8473B3B5258D1C7300E6CD0D /* PBXTargetDependency */,
			);
			name = ProjectManagementMacOSTests;
			productName = ProjectManagementMacOSTests;
			productReference = 8473B3B3258D1C7300E6CD0D /* ProjectManagementMacOSTests.xctest */;
			productType = "com.apple.product-type.bundle.unit-test";
		};
		8473B3BD258D1C7300E6CD0D /* ProjectManagementMacOSUITests */ = {
			isa = PBXNativeTarget;
			buildConfigurationList = 8473B3CD258D1C7300E6CD0D /* Build configuration list for PBXNativeTarget "ProjectManagementMacOSUITests" */;
			buildPhases = (
				8473B3BA258D1C7300E6CD0D /* Sources */,
				8473B3BB258D1C7300E6CD0D /* Frameworks */,
				8473B3BC258D1C7300E6CD0D /* Resources */,
			);
			buildRules = (
			);
			dependencies = (
				8473B3C0258D1C7300E6CD0D /* PBXTargetDependency */,
			);
			name = ProjectManagementMacOSUITests;
			productName = ProjectManagementMacOSUITests;
			productReference = 8473B3BE258D1C7300E6CD0D /* ProjectManagementMacOSUITests.xctest */;
			productType = "com.apple.product-type.bundle.ui-testing";
		};
/* End PBXNativeTarget section */

/* Begin PBXProject section */
		8473B399258D1C7200E6CD0D /* Project object */ = {
			isa = PBXProject;
			attributes = {
				LastSwiftUpdateCheck = 1230;
				LastUpgradeCheck = 1230;
				TargetAttributes = {
					8473B3A0258D1C7200E6CD0D = {
						CreatedOnToolsVersion = 12.3;
					};
					8473B3B2258D1C7300E6CD0D = {
						CreatedOnToolsVersion = 12.3;
						TestTargetID = 8473B3A0258D1C7200E6CD0D;
					};
					8473B3BD258D1C7300E6CD0D = {
						CreatedOnToolsVersion = 12.3;
						TestTargetID = 8473B3A0258D1C7200E6CD0D;
					};
				};
			};
			buildConfigurationList = 8473B39C258D1C7200E6CD0D /* Build configuration list for PBXProject "ProjectManagementMacOS" */;
			compatibilityVersion = "Xcode 9.3";
			developmentRegion = en;
			hasScannedForEncodings = 0;
			knownRegions = (
				en,
				Base,
			);
			mainGroup = 8473B398258D1C7200E6CD0D;
			packageReferences = (
				8473B3D3258D1D0600E6CD0D /* XCRemoteSwiftPackageReference "apollo-ios" */,
			);
			productRefGroup = 8473B3A2258D1C7200E6CD0D /* Products */;
			projectDirPath = "";
			projectRoot = "";
			targets = (
				8473B3A0258D1C7200E6CD0D /* ProjectManagementMacOS */,
				8473B3B2258D1C7300E6CD0D /* ProjectManagementMacOSTests */,
				8473B3BD258D1C7300E6CD0D /* ProjectManagementMacOSUITests */,
			);
		};
/* End PBXProject section */

/* Begin PBXResourcesBuildPhase section */
		8473B39F258D1C7200E6CD0D /* Resources */ = {
			isa = PBXResourcesBuildPhase;
			buildActionMask = 2147483647;
			files = (
				8493DA58259B71C50002A1D3 /* client.graphql in Resources */,
				84B11AC325A9E2A2007461C4 /* employee.graphql in Resources */,
				84B11B5125AB34DA007461C4 /* activity.graphql in Resources */,
				84B11AC225A9E2A2007461C4 /* updateEmployee.graphql in Resources */,
				8493DA57259B71C50002A1D3 /* createClient.graphql in Resources */,
				8473B418258E6C5A00E6CD0D /* schema.json in Resources */,
				84B11AAC25A9E235007461C4 /* projects.graphql in Resources */,
				8473B417258E6C5A00E6CD0D /* operationIDs.json in Resources */,
				8493DA59259B71C50002A1D3 /* updateClient.graphql in Resources */,
				84B11AC125A9E2A2007461C4 /* deleteEmployee.graphql in Resources */,
				84B11B4725AB2970007461C4 /* createActivity.graphql in Resources */,
				84B11B0725AAF453007461C4 /* updateProject.graphql in Resources */,
				84B11B2325AB21E5007461C4 /* deleteTask.graphql in Resources */,
				8493DA5E259B7B020002A1D3 /* roles.graphql in Resources */,
				84B11AC025A9E2A2007461C4 /* createEmployee.graphql in Resources */,
				84B11B1E25AB075F007461C4 /* task.graphql in Resources */,
				8473B3AC258D1C7300E6CD0D /* Preview Assets.xcassets in Resources */,
				84B11AD625A9E7BA007461C4 /* addProject.graphql in Resources */,
				8493DA55259B71C50002A1D3 /* clients.graphql in Resources */,
				84B11B2D25AB24DD007461C4 /* updateTask.graphql in Resources */,
				84B11B6025AB38FF007461C4 /* updateActivity.graphql in Resources */,
				84B11ABF25A9E2A2007461C4 /* employees.graphql in Resources */,
				8493DA6B259B7FED0002A1D3 /* updateAccount.graphql in Resources */,
				8473B3A9258D1C7300E6CD0D /* Assets.xcassets in Resources */,
				84B11ABE25A9E2A2007461C4 /* createAccount.graphql in Resources */,
				84B11B1425AAFD0A007461C4 /* addTask.graphql in Resources */,
				8493DA56259B71C50002A1D3 /* deleteClient.graphql in Resources */,
				84B11AE025AA027C007461C4 /* project.graphql in Resources */,
				84B11B5625AB381F007461C4 /* deleteActivity.graphql in Resources */,
				84B11AFD25AAF100007461C4 /* deleteProject.graphql in Resources */,
			);
			runOnlyForDeploymentPostprocessing = 0;
		};
		8473B3B1258D1C7300E6CD0D /* Resources */ = {
			isa = PBXResourcesBuildPhase;
			buildActionMask = 2147483647;
			files = (
			);
			runOnlyForDeploymentPostprocessing = 0;
		};
		8473B3BC258D1C7300E6CD0D /* Resources */ = {
			isa = PBXResourcesBuildPhase;
			buildActionMask = 2147483647;
			files = (
			);
			runOnlyForDeploymentPostprocessing = 0;
		};
/* End PBXResourcesBuildPhase section */

/* Begin PBXShellScriptBuildPhase section */
		8473B3DE258D23F100E6CD0D /* ShellScript */ = {
			isa = PBXShellScriptBuildPhase;
			buildActionMask = 2147483647;
			files = (
			);
			inputFileListPaths = (
			);
			inputPaths = (
			);
			outputFileListPaths = (
			);
			outputPaths = (
			);
			runOnlyForDeploymentPostprocessing = 0;
			shellPath = /bin/sh;
			shellScript = "cd \"${SRCROOT}\"/Codegen\nxcrun -sdk macosx swift run\n";
		};
/* End PBXShellScriptBuildPhase section */

/* Begin PBXSourcesBuildPhase section */
		8473B39D258D1C7200E6CD0D /* Sources */ = {
			isa = PBXSourcesBuildPhase;
			buildActionMask = 2147483647;
			files = (
				8473B46B25913E5500E6CD0D /* ClientsList.swift in Sources */,
				84B11AA025A9E0F6007461C4 /* ProjectsDataStore.swift in Sources */,
				8473B3FA258D42A900E6CD0D /* EmployeesDataStore.swift in Sources */,
				84B11AD125A9E723007461C4 /* AddProject.swift in Sources */,
				8473B3F0258D320800E6CD0D /* Sidebar.swift in Sources */,
				84B11B1925AB06A9007461C4 /* TaskDetails.swift in Sources */,
				84B11B0F25AAF9C1007461C4 /* CreateTask.swift in Sources */,
				8473B3A7258D1C7200E6CD0D /* ContentView.swift in Sources */,
				8473B3F5258D362F00E6CD0D /* EmployeesList.swift in Sources */,
				8473B42B25911E7D00E6CD0D /* DataState.swift in Sources */,
				84B11B2825AB22FD007461C4 /* EditTask.swift in Sources */,
				84B11B5B25AB38BF007461C4 /* EditSubtask.swift in Sources */,
				84B11ADB25AA013C007461C4 /* ProjectDetails.swift in Sources */,
				8473B3E8258D25B700E6CD0D /* Network.swift in Sources */,
				8407070025A38A33002C4EA1 /* Utils.swift in Sources */,
				8473B41A258E6C5A00E6CD0D /* API.swift in Sources */,
				840706FB25A389EA002C4EA1 /* AddEmployee.swift in Sources */,
				8473B484259147FD00E6CD0D /* ClientDetails.swift in Sources */,
				8493DA64259B7B5C0002A1D3 /* RolesDataStore.swift in Sources */,
				84B11AE525AA2665007461C4 /* PDetails.swift in Sources */,
				84B11B3225AB27D5007461C4 /* AddSubtask.swift in Sources */,
				84B11B4C25AB3402007461C4 /* SubtaskDetails.swift in Sources */,
				8473B479259140E600E6CD0D /* AddClient.swift in Sources */,
				84B11B0225AAF2A5007461C4 /* EditProject.swift in Sources */,
				848CD644259B6E7800A41C91 /* EmployeeDetails.swift in Sources */,
				8473B46325913CFF00E6CD0D /* ClientsDataStore.swift in Sources */,
				8473B3A5258D1C7200E6CD0D /* ProjectManagementMacOSApp.swift in Sources */,
				84B11AA525A9E10B007461C4 /* ProjectsList.swift in Sources */,
			);
			runOnlyForDeploymentPostprocessing = 0;
		};
		8473B3AF258D1C7300E6CD0D /* Sources */ = {
			isa = PBXSourcesBuildPhase;
			buildActionMask = 2147483647;
			files = (
				8473B3B8258D1C7300E6CD0D /* ProjectManagementMacOSTests.swift in Sources */,
			);
			runOnlyForDeploymentPostprocessing = 0;
		};
		8473B3BA258D1C7300E6CD0D /* Sources */ = {
			isa = PBXSourcesBuildPhase;
			buildActionMask = 2147483647;
			files = (
				8473B3C3258D1C7300E6CD0D /* ProjectManagementMacOSUITests.swift in Sources */,
			);
			runOnlyForDeploymentPostprocessing = 0;
		};
/* End PBXSourcesBuildPhase section */

/* Begin PBXTargetDependency section */
		8473B3B5258D1C7300E6CD0D /* PBXTargetDependency */ = {
			isa = PBXTargetDependency;
			target = 8473B3A0258D1C7200E6CD0D /* ProjectManagementMacOS */;
			targetProxy = 8473B3B4258D1C7300E6CD0D /* PBXContainerItemProxy */;
		};
		8473B3C0258D1C7300E6CD0D /* PBXTargetDependency */ = {
			isa = PBXTargetDependency;
			target = 8473B3A0258D1C7200E6CD0D /* ProjectManagementMacOS */;
			targetProxy = 8473B3BF258D1C7300E6CD0D /* PBXContainerItemProxy */;
		};
/* End PBXTargetDependency section */

/* Begin XCBuildConfiguration section */
		8473B3C5258D1C7300E6CD0D /* Debug */ = {
			isa = XCBuildConfiguration;
			buildSettings = {
				ALWAYS_SEARCH_USER_PATHS = NO;
				CLANG_ANALYZER_NONNULL = YES;
				CLANG_ANALYZER_NUMBER_OBJECT_CONVERSION = YES_AGGRESSIVE;
				CLANG_CXX_LANGUAGE_STANDARD = "gnu++14";
				CLANG_CXX_LIBRARY = "libc++";
				CLANG_ENABLE_MODULES = YES;
				CLANG_ENABLE_OBJC_ARC = YES;
				CLANG_ENABLE_OBJC_WEAK = YES;
				CLANG_WARN_BLOCK_CAPTURE_AUTORELEASING = YES;
				CLANG_WARN_BOOL_CONVERSION = YES;
				CLANG_WARN_COMMA = YES;
				CLANG_WARN_CONSTANT_CONVERSION = YES;
				CLANG_WARN_DEPRECATED_OBJC_IMPLEMENTATIONS = YES;
				CLANG_WARN_DIRECT_OBJC_ISA_USAGE = YES_ERROR;
				CLANG_WARN_DOCUMENTATION_COMMENTS = YES;
				CLANG_WARN_EMPTY_BODY = YES;
				CLANG_WARN_ENUM_CONVERSION = YES;
				CLANG_WARN_INFINITE_RECURSION = YES;
				CLANG_WARN_INT_CONVERSION = YES;
				CLANG_WARN_NON_LITERAL_NULL_CONVERSION = YES;
				CLANG_WARN_OBJC_IMPLICIT_RETAIN_SELF = YES;
				CLANG_WARN_OBJC_LITERAL_CONVERSION = YES;
				CLANG_WARN_OBJC_ROOT_CLASS = YES_ERROR;
				CLANG_WARN_QUOTED_INCLUDE_IN_FRAMEWORK_HEADER = YES;
				CLANG_WARN_RANGE_LOOP_ANALYSIS = YES;
				CLANG_WARN_STRICT_PROTOTYPES = YES;
				CLANG_WARN_SUSPICIOUS_MOVE = YES;
				CLANG_WARN_UNGUARDED_AVAILABILITY = YES_AGGRESSIVE;
				CLANG_WARN_UNREACHABLE_CODE = YES;
				CLANG_WARN__DUPLICATE_METHOD_MATCH = YES;
				COPY_PHASE_STRIP = NO;
				DEBUG_INFORMATION_FORMAT = dwarf;
				ENABLE_STRICT_OBJC_MSGSEND = YES;
				ENABLE_TESTABILITY = YES;
				GCC_C_LANGUAGE_STANDARD = gnu11;
				GCC_DYNAMIC_NO_PIC = NO;
				GCC_NO_COMMON_BLOCKS = YES;
				GCC_OPTIMIZATION_LEVEL = 0;
				GCC_PREPROCESSOR_DEFINITIONS = (
					"DEBUG=1",
					"$(inherited)",
				);
				GCC_WARN_64_TO_32_BIT_CONVERSION = YES;
				GCC_WARN_ABOUT_RETURN_TYPE = YES_ERROR;
				GCC_WARN_UNDECLARED_SELECTOR = YES;
				GCC_WARN_UNINITIALIZED_AUTOS = YES_AGGRESSIVE;
				GCC_WARN_UNUSED_FUNCTION = YES;
				GCC_WARN_UNUSED_VARIABLE = YES;
				MACOSX_DEPLOYMENT_TARGET = 11.1;
				MTL_ENABLE_DEBUG_INFO = INCLUDE_SOURCE;
				MTL_FAST_MATH = YES;
				ONLY_ACTIVE_ARCH = YES;
				SDKROOT = macosx;
				SWIFT_ACTIVE_COMPILATION_CONDITIONS = DEBUG;
				SWIFT_OPTIMIZATION_LEVEL = "-Onone";
			};
			name = Debug;
		};
		8473B3C6258D1C7300E6CD0D /* Release */ = {
			isa = XCBuildConfiguration;
			buildSettings = {
				ALWAYS_SEARCH_USER_PATHS = NO;
				CLANG_ANALYZER_NONNULL = YES;
				CLANG_ANALYZER_NUMBER_OBJECT_CONVERSION = YES_AGGRESSIVE;
				CLANG_CXX_LANGUAGE_STANDARD = "gnu++14";
				CLANG_CXX_LIBRARY = "libc++";
				CLANG_ENABLE_MODULES = YES;
				CLANG_ENABLE_OBJC_ARC = YES;
				CLANG_ENABLE_OBJC_WEAK = YES;
				CLANG_WARN_BLOCK_CAPTURE_AUTORELEASING = YES;
				CLANG_WARN_BOOL_CONVERSION = YES;
				CLANG_WARN_COMMA = YES;
				CLANG_WARN_CONSTANT_CONVERSION = YES;
				CLANG_WARN_DEPRECATED_OBJC_IMPLEMENTATIONS = YES;
				CLANG_WARN_DIRECT_OBJC_ISA_USAGE = YES_ERROR;
				CLANG_WARN_DOCUMENTATION_COMMENTS = YES;
				CLANG_WARN_EMPTY_BODY = YES;
				CLANG_WARN_ENUM_CONVERSION = YES;
				CLANG_WARN_INFINITE_RECURSION = YES;
				CLANG_WARN_INT_CONVERSION = YES;
				CLANG_WARN_NON_LITERAL_NULL_CONVERSION = YES;
				CLANG_WARN_OBJC_IMPLICIT_RETAIN_SELF = YES;
				CLANG_WARN_OBJC_LITERAL_CONVERSION = YES;
				CLANG_WARN_OBJC_ROOT_CLASS = YES_ERROR;
				CLANG_WARN_QUOTED_INCLUDE_IN_FRAMEWORK_HEADER = YES;
				CLANG_WARN_RANGE_LOOP_ANALYSIS = YES;
				CLANG_WARN_STRICT_PROTOTYPES = YES;
				CLANG_WARN_SUSPICIOUS_MOVE = YES;
				CLANG_WARN_UNGUARDED_AVAILABILITY = YES_AGGRESSIVE;
				CLANG_WARN_UNREACHABLE_CODE = YES;
				CLANG_WARN__DUPLICATE_METHOD_MATCH = YES;
				COPY_PHASE_STRIP = NO;
				DEBUG_INFORMATION_FORMAT = "dwarf-with-dsym";
				ENABLE_NS_ASSERTIONS = NO;
				ENABLE_STRICT_OBJC_MSGSEND = YES;
				GCC_C_LANGUAGE_STANDARD = gnu11;
				GCC_NO_COMMON_BLOCKS = YES;
				GCC_WARN_64_TO_32_BIT_CONVERSION = YES;
				GCC_WARN_ABOUT_RETURN_TYPE = YES_ERROR;
				GCC_WARN_UNDECLARED_SELECTOR = YES;
				GCC_WARN_UNINITIALIZED_AUTOS = YES_AGGRESSIVE;
				GCC_WARN_UNUSED_FUNCTION = YES;
				GCC_WARN_UNUSED_VARIABLE = YES;
				MACOSX_DEPLOYMENT_TARGET = 11.1;
				MTL_ENABLE_DEBUG_INFO = NO;
				MTL_FAST_MATH = YES;
				SDKROOT = macosx;
				SWIFT_COMPILATION_MODE = wholemodule;
				SWIFT_OPTIMIZATION_LEVEL = "-O";
			};
			name = Release;
		};
		8473B3C8258D1C7300E6CD0D /* Debug */ = {
			isa = XCBuildConfiguration;
			buildSettings = {
				ASSETCATALOG_COMPILER_APPICON_NAME = AppIcon;
				ASSETCATALOG_COMPILER_GLOBAL_ACCENT_COLOR_NAME = AccentColor;
				CODE_SIGN_ENTITLEMENTS = ProjectManagementMacOS/ProjectManagementMacOS.entitlements;
				CODE_SIGN_STYLE = Automatic;
				COMBINE_HIDPI_IMAGES = YES;
				DEVELOPMENT_ASSET_PATHS = "\"ProjectManagementMacOS/Preview Content\"";
				ENABLE_PREVIEWS = YES;
				INFOPLIST_FILE = ProjectManagementMacOS/Info.plist;
				LD_RUNPATH_SEARCH_PATHS = (
					"$(inherited)",
					"@executable_path/../Frameworks",
				);
				MACOSX_DEPLOYMENT_TARGET = 11.0;
				PRODUCT_BUNDLE_IDENTIFIER = master.ProjectManagementMacOS;
				PRODUCT_NAME = "$(TARGET_NAME)";
				SWIFT_VERSION = 5.0;
			};
			name = Debug;
		};
		8473B3C9258D1C7300E6CD0D /* Release */ = {
			isa = XCBuildConfiguration;
			buildSettings = {
				ASSETCATALOG_COMPILER_APPICON_NAME = AppIcon;
				ASSETCATALOG_COMPILER_GLOBAL_ACCENT_COLOR_NAME = AccentColor;
				CODE_SIGN_ENTITLEMENTS = ProjectManagementMacOS/ProjectManagementMacOS.entitlements;
				CODE_SIGN_STYLE = Automatic;
				COMBINE_HIDPI_IMAGES = YES;
				DEVELOPMENT_ASSET_PATHS = "\"ProjectManagementMacOS/Preview Content\"";
				ENABLE_PREVIEWS = YES;
				INFOPLIST_FILE = ProjectManagementMacOS/Info.plist;
				LD_RUNPATH_SEARCH_PATHS = (
					"$(inherited)",
					"@executable_path/../Frameworks",
				);
				MACOSX_DEPLOYMENT_TARGET = 11.0;
				PRODUCT_BUNDLE_IDENTIFIER = master.ProjectManagementMacOS;
				PRODUCT_NAME = "$(TARGET_NAME)";
				SWIFT_VERSION = 5.0;
			};
			name = Release;
		};
		8473B3CB258D1C7300E6CD0D /* Debug */ = {
			isa = XCBuildConfiguration;
			buildSettings = {
				ALWAYS_EMBED_SWIFT_STANDARD_LIBRARIES = YES;
				BUNDLE_LOADER = "$(TEST_HOST)";
				CODE_SIGN_STYLE = Automatic;
				COMBINE_HIDPI_IMAGES = YES;
				INFOPLIST_FILE = ProjectManagementMacOSTests/Info.plist;
				LD_RUNPATH_SEARCH_PATHS = (
					"$(inherited)",
					"@executable_path/../Frameworks",
					"@loader_path/../Frameworks",
				);
				MACOSX_DEPLOYMENT_TARGET = 11.0;
				PRODUCT_BUNDLE_IDENTIFIER = master.ProjectManagementMacOSTests;
				PRODUCT_NAME = "$(TARGET_NAME)";
				SWIFT_VERSION = 5.0;
				TEST_HOST = "$(BUILT_PRODUCTS_DIR)/ProjectManagementMacOS.app/Contents/MacOS/ProjectManagementMacOS";
			};
			name = Debug;
		};
		8473B3CC258D1C7300E6CD0D /* Release */ = {
			isa = XCBuildConfiguration;
			buildSettings = {
				ALWAYS_EMBED_SWIFT_STANDARD_LIBRARIES = YES;
				BUNDLE_LOADER = "$(TEST_HOST)";
				CODE_SIGN_STYLE = Automatic;
				COMBINE_HIDPI_IMAGES = YES;
				INFOPLIST_FILE = ProjectManagementMacOSTests/Info.plist;
				LD_RUNPATH_SEARCH_PATHS = (
					"$(inherited)",
					"@executable_path/../Frameworks",
					"@loader_path/../Frameworks",
				);
				MACOSX_DEPLOYMENT_TARGET = 11.0;
				PRODUCT_BUNDLE_IDENTIFIER = master.ProjectManagementMacOSTests;
				PRODUCT_NAME = "$(TARGET_NAME)";
				SWIFT_VERSION = 5.0;
				TEST_HOST = "$(BUILT_PRODUCTS_DIR)/ProjectManagementMacOS.app/Contents/MacOS/ProjectManagementMacOS";
			};
			name = Release;
		};
		8473B3CE258D1C7300E6CD0D /* Debug */ = {
			isa = XCBuildConfiguration;
			buildSettings = {
				ALWAYS_EMBED_SWIFT_STANDARD_LIBRARIES = YES;
				CODE_SIGN_STYLE = Automatic;
				COMBINE_HIDPI_IMAGES = YES;
				INFOPLIST_FILE = ProjectManagementMacOSUITests/Info.plist;
				LD_RUNPATH_SEARCH_PATHS = (
					"$(inherited)",
					"@executable_path/../Frameworks",
					"@loader_path/../Frameworks",
				);
				PRODUCT_BUNDLE_IDENTIFIER = master.ProjectManagementMacOSUITests;
				PRODUCT_NAME = "$(TARGET_NAME)";
				SWIFT_VERSION = 5.0;
				TEST_TARGET_NAME = ProjectManagementMacOS;
			};
			name = Debug;
		};
		8473B3CF258D1C7300E6CD0D /* Release */ = {
			isa = XCBuildConfiguration;
			buildSettings = {
				ALWAYS_EMBED_SWIFT_STANDARD_LIBRARIES = YES;
				CODE_SIGN_STYLE = Automatic;
				COMBINE_HIDPI_IMAGES = YES;
				INFOPLIST_FILE = ProjectManagementMacOSUITests/Info.plist;
				LD_RUNPATH_SEARCH_PATHS = (
					"$(inherited)",
					"@executable_path/../Frameworks",
					"@loader_path/../Frameworks",
				);
				PRODUCT_BUNDLE_IDENTIFIER = master.ProjectManagementMacOSUITests;
				PRODUCT_NAME = "$(TARGET_NAME)";
				SWIFT_VERSION = 5.0;
				TEST_TARGET_NAME = ProjectManagementMacOS;
			};
			name = Release;
		};
/* End XCBuildConfiguration section */

/* Begin XCConfigurationList section */
		8473B39C258D1C7200E6CD0D /* Build configuration list for PBXProject "ProjectManagementMacOS" */ = {
			isa = XCConfigurationList;
			buildConfigurations = (
				8473B3C5258D1C7300E6CD0D /* Debug */,
				8473B3C6258D1C7300E6CD0D /* Release */,
			);
			defaultConfigurationIsVisible = 0;
			defaultConfigurationName = Release;
		};
		8473B3C7258D1C7300E6CD0D /* Build configuration list for PBXNativeTarget "ProjectManagementMacOS" */ = {
			isa = XCConfigurationList;
			buildConfigurations = (
				8473B3C8258D1C7300E6CD0D /* Debug */,
				8473B3C9258D1C7300E6CD0D /* Release */,
			);
			defaultConfigurationIsVisible = 0;
			defaultConfigurationName = Release;
		};
		8473B3CA258D1C7300E6CD0D /* Build configuration list for PBXNativeTarget "ProjectManagementMacOSTests" */ = {
			isa = XCConfigurationList;
			buildConfigurations = (
				8473B3CB258D1C7300E6CD0D /* Debug */,
				8473B3CC258D1C7300E6CD0D /* Release */,
			);
			defaultConfigurationIsVisible = 0;
			defaultConfigurationName = Release;
		};
		8473B3CD258D1C7300E6CD0D /* Build configuration list for PBXNativeTarget "ProjectManagementMacOSUITests" */ = {
			isa = XCConfigurationList;
			buildConfigurations = (
				8473B3CE258D1C7300E6CD0D /* Debug */,
				8473B3CF258D1C7300E6CD0D /* Release */,
			);
			defaultConfigurationIsVisible = 0;
			defaultConfigurationName = Release;
		};
/* End XCConfigurationList section */

/* Begin XCRemoteSwiftPackageReference section */
		8473B3D3258D1D0600E6CD0D /* XCRemoteSwiftPackageReference "apollo-ios" */ = {
			isa = XCRemoteSwiftPackageReference;
			repositoryURL = "https://github.com/apollographql/apollo-ios.git";
			requirement = {
				kind = upToNextMinorVersion;
				minimumVersion = 0.38.3;
			};
		};
/* End XCRemoteSwiftPackageReference section */

/* Begin XCSwiftPackageProductDependency section */
		8473B3D4258D1D0600E6CD0D /* Apollo */ = {
			isa = XCSwiftPackageProductDependency;
			package = 8473B3D3258D1D0600E6CD0D /* XCRemoteSwiftPackageReference "apollo-ios" */;
			productName = Apollo;
		};
/* End XCSwiftPackageProductDependency section */
	};
	rootObject = 8473B399258D1C7200E6CD0D /* Project object */;
}
